{
  "name": "rn-hjri-calendar",
  "version": "2.0.1",
  "lockfileVersion": 1,
  "requires": true,
  "dependencies": {
    "immer": {
      "version": "3.2.1",
      "resolved": "https://registry.npmjs.org/immer/-/immer-3.2.1.tgz",
      "integrity": "sha512-tRu/ipavNRwxKcRSUW2jOJ6cZCitHAHdI5WdH9fYfFt35PvZXJ7GmNVR0s1ATt6DGhgQJMnu3tVtZ2C/UzTUQw=="
    },
    "lodash": {
      "version": "4.17.15",
      "resolved": "https://registry.npmjs.org/lodash/-/lodash-4.17.15.tgz",
      "integrity": "sha512-8xOcRHvCjnocdS5cpwXQXVzmmh5e5+saE2QGoeQmbKmRS6J3VQppPOIt0MnmE+4xlZoumy0GPG0D0MVIQbNA1A=="
    },
    "moment": {
      "version": "2.29.2",
      "resolved": "https://registry.npmjs.org/moment/-/moment-2.29.2.tgz",
      "integrity": "sha512-UgzG4rvxYpN15jgCmVJwac49h9ly9NurikMWGPdVxm8GZD6XjkKPxDTjQQ43gtGgnV3X0cAyWDdP2Wexoquifg=="
    },
    "moment-hijri": {
      "version": "2.1.2",
      "resolved": "https://registry.npmjs.org/moment-hijri/-/moment-hijri-2.1.2.tgz",
      "integrity": "sha512-p5ZOA1UzBHAAXiePh37XRjjwuyH78+1ShYZ7R6jogxketewG7kTCUjUmcP9c4Qsx8D8cqxwUWrESjtgdT6tNoA==",
      "requires": {
        "moment": "^2.24.0"
      }
    },
    "use-immer": {
      "version": "0.3.3",
      "resolved": "https://registry.npmjs.org/use-immer/-/use-immer-0.3.3.tgz",
      "integrity": "sha512-BYRzcmbdY3wEBz0BZ1NHL15TzAAYmWJq/qj53xhmtgQ2w1/lNI3dxW6j33H0bR1Ycc4NYal0pwPj+107sgC4DQ=="
    }
  }
}
