{
  "name": "rn-hjri-calendar",
  "version": "2.0.1",
  "lockfileVersion": 1,
  "requires": true,
  "dependencies": {
    "immer": {
      "version": "8.0.1",
      "resolved": "https://registry.npmjs.org/immer/-/immer-8.0.1.tgz",
      "integrity": "sha512-aqXhGP7//Gui2+UrEtvxZxSquQVXTpZ7KDxfCcKAF3Vysvw0CViVaW9RZ1j1xlIYqaaaipBoqdqeibkc18PNvA=="
    },
    "lodash": {
      "version": "4.17.15",
      "resolved": "https://registry.npmjs.org/lodash/-/lodash-4.17.15.tgz",
      "integrity": "sha512-8xOcRHvCjnocdS5cpwXQXVzmmh5e5+saE2QGoeQmbKmRS6J3VQppPOIt0MnmE+4xlZoumy0GPG0D0MVIQbNA1A=="
    },
    "moment": {
      "version": "2.24.0",
      "resolved": "https://registry.npmjs.org/moment/-/moment-2.24.0.tgz",
      "integrity": "sha512-bV7f+6l2QigeBBZSM/6yTNq4P2fNpSWj/0e7jQcy87A8e7o2nAfP/34/2ky5Vw4B9S446EtIhodAzkFCcR4dQg=="
    },
    "moment-hijri": {
      "version": "2.1.2",
      "resolved": "https://registry.npmjs.org/moment-hijri/-/moment-hijri-2.1.2.tgz",
      "integrity": "sha512-p5ZOA1UzBHAAXiePh37XRjjwuyH78+1ShYZ7R6jogxketewG7kTCUjUmcP9c4Qsx8D8cqxwUWrESjtgdT6tNoA==",
      "requires": {
        "moment": "^2.24.0"
      }
    },
    "use-immer": {
      "version": "0.3.3",
      "resolved": "https://registry.npmjs.org/use-immer/-/use-immer-0.3.3.tgz",
      "integrity": "sha512-BYRzcmbdY3wEBz0BZ1NHL15TzAAYmWJq/qj53xhmtgQ2w1/lNI3dxW6j33H0bR1Ycc4NYal0pwPj+107sgC4DQ=="
    }
  }
}
